
Microsoft Visual Studio Solution File, Format Version 12.00
# Visual Studio 15
VisualStudioVersion = 15.0.28010.2016
MinimumVisualStudioVersion = 10.0.40219.1
Project("{8BC9CEB8-8B4A-11D0-8D11-00A0C91BC942}") = "CVector3D", "lab5\lab5.vcxproj", "{BC09CCAC-ED59-4C1D-936B-BEC3653E85D9}"
EndProject
Project("{8BC9CEB8-8B4A-11D0-8D11-00A0C91BC942}") = "Vector3D_test", "Vector3D_test\Vector3D_test.vcxproj", "{A624ED3A-FAB0-4E91-B66A-AC383EA015E8}"
EndProject
Global
	GlobalSection(SolutionConfigurationPlatforms) = preSolution
		Debug|x64 = Debug|x64
		Debug|x86 = Debug|x86
		Release|x64 = Release|x64
		Release|x86 = Release|x86
	EndGlobalSection
	GlobalSection(ProjectConfigurationPlatforms) = postSolution
		{BC09CCAC-ED59-4C1D-936B-BEC3653E85D9}.Debug|x64.ActiveCfg = Debug|x64
		{BC09CCAC-ED59-4C1D-936B-BEC3653E85D9}.Debug|x64.Build.0 = Debug|x64
		{BC09CCAC-ED59-4C1D-936B-BEC3653E85D9}.Debug|x86.ActiveCfg = Debug|Win32
		{BC09CCAC-ED59-4C1D-936B-BEC3653E85D9}.Debug|x86.Build.0 = Debug|Win32
		{BC09CCAC-ED59-4C1D-936B-BEC3653E85D9}.Release|x64.ActiveCfg = Release|x64
		{BC09CCAC-ED59-4C1D-936B-BEC3653E85D9}.Release|x64.Build.0 = Release|x64
		{BC09CCAC-ED59-4C1D-936B-BEC3653E85D9}.Release|x86.ActiveCfg = Release|Win32
		{BC09CCAC-ED59-4C1D-936B-BEC3653E85D9}.Release|x86.Build.0 = Release|Win32
		{A624ED3A-FAB0-4E91-B66A-AC383EA015E8}.Debug|x64.ActiveCfg = Debug|x64
		{A624ED3A-FAB0-4E91-B66A-AC383EA015E8}.Debug|x64.Build.0 = Debug|x64
		{A624ED3A-FAB0-4E91-B66A-AC383EA015E8}.Debug|x86.ActiveCfg = Debug|Win32
		{A624ED3A-FAB0-4E91-B66A-AC383EA015E8}.Debug|x86.Build.0 = Debug|Win32
		{A624ED3A-FAB0-4E91-B66A-AC383EA015E8}.Release|x64.ActiveCfg = Release|x64
		{A624ED3A-FAB0-4E91-B66A-AC383EA015E8}.Release|x64.Build.0 = Release|x64
		{A624ED3A-FAB0-4E91-B66A-AC383EA015E8}.Release|x86.ActiveCfg = Release|Win32
		{A624ED3A-FAB0-4E91-B66A-AC383EA015E8}.Release|x86.Build.0 = Release|Win32
	EndGlobalSection
	GlobalSection(SolutionProperties) = preSolution
		HideSolutionNode = FALSE
	EndGlobalSection
	GlobalSection(ExtensibilityGlobals) = postSolution
		SolutionGuid = {95E4AE00-C30D-4EA9-8EFB-BEC85D0B89D4}
	EndGlobalSection
EndGlobal
